
Microsoft Visual Studio Solution File, Format Version 12.00
# Visual Studio Version 17
VisualStudioVersion = 17.2.32519.379
MinimumVisualStudioVersion = 10.0.40219.1
Project("{FAE04EC0-301F-11D3-BF4B-00C04F79EFBC}") = "NunitTestRegex", "NunitTestRegex\NunitTestRegex.csproj", "{CFCB4A25-38BD-47BC-BD06-4799AE1D7BA3}"
EndProject
Project("{FAE04EC0-301F-11D3-BF4B-00C04F79EFBC}") = "UnitTest1", "UnitTest1\UnitTest1.csproj", "{C4EAE09C-166C-45C8-BC8E-957FA6D10EF5}"
EndProject
Global
	GlobalSection(SolutionConfigurationPlatforms) = preSolution
		Debug|Any CPU = Debug|Any CPU
		Release|Any CPU = Release|Any CPU
	EndGlobalSection
	GlobalSection(ProjectConfigurationPlatforms) = postSolution
		{CFCB4A25-38BD-47BC-BD06-4799AE1D7BA3}.Debug|Any CPU.ActiveCfg = Debug|Any CPU
		{CFCB4A25-38BD-47BC-BD06-4799AE1D7BA3}.Debug|Any CPU.Build.0 = Debug|Any CPU
		{CFCB4A25-38BD-47BC-BD06-4799AE1D7BA3}.Release|Any CPU.ActiveCfg = Release|Any CPU
		{CFCB4A25-38BD-47BC-BD06-4799AE1D7BA3}.Release|Any CPU.Build.0 = Release|Any CPU
		{C4EAE09C-166C-45C8-BC8E-957FA6D10EF5}.Debug|Any CPU.ActiveCfg = Debug|Any CPU
		{C4EAE09C-166C-45C8-BC8E-957FA6D10EF5}.Debug|Any CPU.Build.0 = Debug|Any CPU
		{C4EAE09C-166C-45C8-BC8E-957FA6D10EF5}.Release|Any CPU.ActiveCfg = Release|Any CPU
		{C4EAE09C-166C-45C8-BC8E-957FA6D10EF5}.Release|Any CPU.Build.0 = Release|Any CPU
	EndGlobalSection
	GlobalSection(SolutionProperties) = preSolution
		HideSolutionNode = FALSE
	EndGlobalSection
	GlobalSection(ExtensibilityGlobals) = postSolution
		SolutionGuid = {C37985EB-E9FC-4732-AE65-67D4C6D14559}
	EndGlobalSection
EndGlobal
